
Microsoft Visual Studio Solution File, Format Version 12.00
Project("{FAE04EC0-301F-11D3-BF4B-00C04F79EFBC}") = "Acme.Hosting.DmarcManager", "Acme.Hosting.DmarcManager\Acme.Hosting.DmarcManager.csproj", "{73673244-7005-40E4-90E1-74A8550BFED2}"
EndProject
Project("{FAE04EC0-301F-11D3-BF4B-00C04F79EFBC}") = "Acme.Hosting.Dmarc.Tools", "Acme.Hosting.Dmarc.Tools\Acme.Hosting.Dmarc.Tools.csproj", "{D3FF5127-A3FA-4E71-A832-921F6217E540}"
EndProject
Project("{FAE04EC0-301F-11D3-BF4B-00C04F79EFBC}") = "Acme.Hosting.Dmarc.Tools.Abstractions", "Acme.Hosting.Dmarc.Tools.Abstractions\Acme.Hosting.Dmarc.Tools.Abstractions.csproj", "{CEC48424-293C-4ACB-ADB1-7471AB022788}"
EndProject
Project("{FAE04EC0-301F-11D3-BF4B-00C04F79EFBC}") = "Acme.Hosting.Dmarc.Repository", "Acme.Hosting.Dmarc.Repository\Acme.Hosting.Dmarc.Repository.csproj", "{E87DDA9D-5D1C-4D1D-8926-57A8EC6A892F}"
EndProject
Global
	GlobalSection(SolutionConfigurationPlatforms) = preSolution
		Debug|Any CPU = Debug|Any CPU
		Release|Any CPU = Release|Any CPU
	EndGlobalSection
	GlobalSection(ProjectConfigurationPlatforms) = postSolution
		{73673244-7005-40E4-90E1-74A8550BFED2}.Debug|Any CPU.ActiveCfg = Debug|Any CPU
		{73673244-7005-40E4-90E1-74A8550BFED2}.Debug|Any CPU.Build.0 = Debug|Any CPU
		{73673244-7005-40E4-90E1-74A8550BFED2}.Release|Any CPU.ActiveCfg = Release|Any CPU
		{73673244-7005-40E4-90E1-74A8550BFED2}.Release|Any CPU.Build.0 = Release|Any CPU
		{D3FF5127-A3FA-4E71-A832-921F6217E540}.Debug|Any CPU.ActiveCfg = Debug|Any CPU
		{D3FF5127-A3FA-4E71-A832-921F6217E540}.Debug|Any CPU.Build.0 = Debug|Any CPU
		{D3FF5127-A3FA-4E71-A832-921F6217E540}.Release|Any CPU.ActiveCfg = Release|Any CPU
		{D3FF5127-A3FA-4E71-A832-921F6217E540}.Release|Any CPU.Build.0 = Release|Any CPU
		{CEC48424-293C-4ACB-ADB1-7471AB022788}.Debug|Any CPU.ActiveCfg = Debug|Any CPU
		{CEC48424-293C-4ACB-ADB1-7471AB022788}.Debug|Any CPU.Build.0 = Debug|Any CPU
		{CEC48424-293C-4ACB-ADB1-7471AB022788}.Release|Any CPU.ActiveCfg = Release|Any CPU
		{CEC48424-293C-4ACB-ADB1-7471AB022788}.Release|Any CPU.Build.0 = Release|Any CPU
		{E87DDA9D-5D1C-4D1D-8926-57A8EC6A892F}.Debug|Any CPU.ActiveCfg = Debug|Any CPU
		{E87DDA9D-5D1C-4D1D-8926-57A8EC6A892F}.Debug|Any CPU.Build.0 = Debug|Any CPU
		{E87DDA9D-5D1C-4D1D-8926-57A8EC6A892F}.Release|Any CPU.ActiveCfg = Release|Any CPU
		{E87DDA9D-5D1C-4D1D-8926-57A8EC6A892F}.Release|Any CPU.Build.0 = Release|Any CPU
	EndGlobalSection
EndGlobal
